
Microsoft Visual Studio Solution File, Format Version 12.00
# Visual Studio Version 17
VisualStudioVersion = 17.1.32210.238
MinimumVisualStudioVersion = 10.0.40219.1
Project("{FAE04EC0-301F-11D3-BF4B-00C04F79EFBC}") = "BlazorSelfAwareComponents", "BlazorSelfAwareComponents\BlazorSelfAwareComponents.csproj", "{B09274F0-81C1-497D-92C0-8E5ED26047DE}"
EndProject
Global
	GlobalSection(SolutionConfigurationPlatforms) = preSolution
		Debug|Any CPU = Debug|Any CPU
		Release|Any CPU = Release|Any CPU
	EndGlobalSection
	GlobalSection(ProjectConfigurationPlatforms) = postSolution
		{B09274F0-81C1-497D-92C0-8E5ED26047DE}.Debug|Any CPU.ActiveCfg = Debug|Any CPU
		{B09274F0-81C1-497D-92C0-8E5ED26047DE}.Debug|Any CPU.Build.0 = Debug|Any CPU
		{B09274F0-81C1-497D-92C0-8E5ED26047DE}.Release|Any CPU.ActiveCfg = Release|Any CPU
		{B09274F0-81C1-497D-92C0-8E5ED26047DE}.Release|Any CPU.Build.0 = Release|Any CPU
	EndGlobalSection
	GlobalSection(SolutionProperties) = preSolution
		HideSolutionNode = FALSE
	EndGlobalSection
	GlobalSection(ExtensibilityGlobals) = postSolution
		SolutionGuid = {E7537864-B4B9-485E-B2EF-F4624C9E412E}
	EndGlobalSection
EndGlobal
